
Microsoft Visual Studio Solution File, Format Version 12.00
# Visual Studio 15
VisualStudioVersion = 15.0.27428.2011
MinimumVisualStudioVersion = 10.0.40219.1
Project("{9A19103F-16F7-4668-BE54-9A1E7A4F7556}") = "MateralTools.Base", "MateralTools.Base\MateralTools.Base.csproj", "{AA9119F1-86B8-4374-8B75-6478D1D48805}"
EndProject
Project("{9A19103F-16F7-4668-BE54-9A1E7A4F7556}") = "MateralTools.MVerify", "MateralTools.MVerify\MateralTools.MVerify.csproj", "{C464D9B0-9EC0-4EA5-A9A4-98D318CC85CC}"
EndProject
Project("{9A19103F-16F7-4668-BE54-9A1E7A4F7556}") = "MateralTools.MConvert", "MateralTools.MConvert\MateralTools.MConvert.csproj", "{912A6667-A9CD-45B2-9E42-20712B2DE080}"
EndProject
Project("{9A19103F-16F7-4668-BE54-9A1E7A4F7556}") = "MateralTools.MCache", "MateralTools.MCache\MateralTools.MCache.csproj", "{4F5119CB-4420-4335-AA0B-6280E0FCD135}"
EndProject
Project("{9A19103F-16F7-4668-BE54-9A1E7A4F7556}") = "MateralTools.MEncryption", "MateralTools.MEncryption\MateralTools.MEncryption.csproj", "{BB97EA95-BA3F-407E-8669-10239028B891}"
EndProject
Project("{9A19103F-16F7-4668-BE54-9A1E7A4F7556}") = "MateralTools.MHttpRequest", "MateralTools.MHttpRequest\MateralTools.MHttpRequest.csproj", "{09A7C909-F8EA-466C-93BF-E0AE3068E900}"
EndProject
Project("{FAE04EC0-301F-11D3-BF4B-00C04F79EFBC}") = "Materal.CoreToolsTest", "Materal.CoreToolsTest\Materal.CoreToolsTest.csproj", "{E1EBFA54-E63E-4803-BF3E-3BBD8815E96B}"
EndProject
Project("{FAE04EC0-301F-11D3-BF4B-00C04F79EFBC}") = "Materal.ToolsTest", "Materal.ToolsTest\Materal.ToolsTest.csproj", "{D6DC78F1-041C-49F6-9365-178D5713491F}"
EndProject
Project("{FAE04EC0-301F-11D3-BF4B-00C04F79EFBC}") = "MateralTools.MLinQ", "MateralTools.MLinQ\MateralTools.MLinQ.csproj", "{9A6BFDA7-78DC-445B-8094-C0E73E69A4FC}"
EndProject
Project("{FAE04EC0-301F-11D3-BF4B-00C04F79EFBC}") = "MateralTools.MResult", "MateralTools.MResult\MateralTools.MResult.csproj", "{D21857FD-E588-49C4-AB9C-085F9B2C3AD7}"
EndProject
Project("{FAE04EC0-301F-11D3-BF4B-00C04F79EFBC}") = "MateralTools.MWebLib", "MateralTools.MWebLib\MateralTools.MWebLib.csproj", "{175059F4-2885-4BCD-B1E6-7110B6D9E84F}"
EndProject
Project("{FAE04EC0-301F-11D3-BF4B-00C04F79EFBC}") = "Materal.UI", "Materal.UI\Materal.UI.csproj", "{799C45AC-1CE3-4B8F-BCC8-804200AA7C2F}"
EndProject
Project("{FAE04EC0-301F-11D3-BF4B-00C04F79EFBC}") = "Materal.UI.WinForm", "Materal.UI.WinForm\Materal.UI.WinForm.csproj", "{8833902E-60EE-44FF-B44C-12F4D5EE8B03}"
EndProject
Global
	GlobalSection(SolutionConfigurationPlatforms) = preSolution
		Debug|Any CPU = Debug|Any CPU
		Release|Any CPU = Release|Any CPU
	EndGlobalSection
	GlobalSection(ProjectConfigurationPlatforms) = postSolution
		{AA9119F1-86B8-4374-8B75-6478D1D48805}.Debug|Any CPU.ActiveCfg = Debug|Any CPU
		{AA9119F1-86B8-4374-8B75-6478D1D48805}.Debug|Any CPU.Build.0 = Debug|Any CPU
		{AA9119F1-86B8-4374-8B75-6478D1D48805}.Release|Any CPU.ActiveCfg = Release|Any CPU
		{AA9119F1-86B8-4374-8B75-6478D1D48805}.Release|Any CPU.Build.0 = Release|Any CPU
		{C464D9B0-9EC0-4EA5-A9A4-98D318CC85CC}.Debug|Any CPU.ActiveCfg = Debug|Any CPU
		{C464D9B0-9EC0-4EA5-A9A4-98D318CC85CC}.Debug|Any CPU.Build.0 = Debug|Any CPU
		{C464D9B0-9EC0-4EA5-A9A4-98D318CC85CC}.Release|Any CPU.ActiveCfg = Release|Any CPU
		{C464D9B0-9EC0-4EA5-A9A4-98D318CC85CC}.Release|Any CPU.Build.0 = Release|Any CPU
		{912A6667-A9CD-45B2-9E42-20712B2DE080}.Debug|Any CPU.ActiveCfg = Debug|Any CPU
		{912A6667-A9CD-45B2-9E42-20712B2DE080}.Debug|Any CPU.Build.0 = Debug|Any CPU
		{912A6667-A9CD-45B2-9E42-20712B2DE080}.Release|Any CPU.ActiveCfg = Release|Any CPU
		{912A6667-A9CD-45B2-9E42-20712B2DE080}.Release|Any CPU.Build.0 = Release|Any CPU
		{4F5119CB-4420-4335-AA0B-6280E0FCD135}.Debug|Any CPU.ActiveCfg = Debug|Any CPU
		{4F5119CB-4420-4335-AA0B-6280E0FCD135}.Debug|Any CPU.Build.0 = Debug|Any CPU
		{4F5119CB-4420-4335-AA0B-6280E0FCD135}.Release|Any CPU.ActiveCfg = Release|Any CPU
		{4F5119CB-4420-4335-AA0B-6280E0FCD135}.Release|Any CPU.Build.0 = Release|Any CPU
		{BB97EA95-BA3F-407E-8669-10239028B891}.Debug|Any CPU.ActiveCfg = Debug|Any CPU
		{BB97EA95-BA3F-407E-8669-10239028B891}.Debug|Any CPU.Build.0 = Debug|Any CPU
		{BB97EA95-BA3F-407E-8669-10239028B891}.Release|Any CPU.ActiveCfg = Release|Any CPU
		{BB97EA95-BA3F-407E-8669-10239028B891}.Release|Any CPU.Build.0 = Release|Any CPU
		{09A7C909-F8EA-466C-93BF-E0AE3068E900}.Debug|Any CPU.ActiveCfg = Debug|Any CPU
		{09A7C909-F8EA-466C-93BF-E0AE3068E900}.Debug|Any CPU.Build.0 = Debug|Any CPU
		{09A7C909-F8EA-466C-93BF-E0AE3068E900}.Release|Any CPU.ActiveCfg = Release|Any CPU
		{09A7C909-F8EA-466C-93BF-E0AE3068E900}.Release|Any CPU.Build.0 = Release|Any CPU
		{E1EBFA54-E63E-4803-BF3E-3BBD8815E96B}.Debug|Any CPU.ActiveCfg = Debug|Any CPU
		{E1EBFA54-E63E-4803-BF3E-3BBD8815E96B}.Debug|Any CPU.Build.0 = Debug|Any CPU
		{E1EBFA54-E63E-4803-BF3E-3BBD8815E96B}.Release|Any CPU.ActiveCfg = Release|Any CPU
		{E1EBFA54-E63E-4803-BF3E-3BBD8815E96B}.Release|Any CPU.Build.0 = Release|Any CPU
		{D6DC78F1-041C-49F6-9365-178D5713491F}.Debug|Any CPU.ActiveCfg = Debug|Any CPU
		{D6DC78F1-041C-49F6-9365-178D5713491F}.Debug|Any CPU.Build.0 = Debug|Any CPU
		{D6DC78F1-041C-49F6-9365-178D5713491F}.Release|Any CPU.ActiveCfg = Release|Any CPU
		{D6DC78F1-041C-49F6-9365-178D5713491F}.Release|Any CPU.Build.0 = Release|Any CPU
		{9A6BFDA7-78DC-445B-8094-C0E73E69A4FC}.Debug|Any CPU.ActiveCfg = Debug|Any CPU
		{9A6BFDA7-78DC-445B-8094-C0E73E69A4FC}.Debug|Any CPU.Build.0 = Debug|Any CPU
		{9A6BFDA7-78DC-445B-8094-C0E73E69A4FC}.Release|Any CPU.ActiveCfg = Release|Any CPU
		{9A6BFDA7-78DC-445B-8094-C0E73E69A4FC}.Release|Any CPU.Build.0 = Release|Any CPU
		{D21857FD-E588-49C4-AB9C-085F9B2C3AD7}.Debug|Any CPU.ActiveCfg = Debug|Any CPU
		{D21857FD-E588-49C4-AB9C-085F9B2C3AD7}.Debug|Any CPU.Build.0 = Debug|Any CPU
		{D21857FD-E588-49C4-AB9C-085F9B2C3AD7}.Release|Any CPU.ActiveCfg = Release|Any CPU
		{D21857FD-E588-49C4-AB9C-085F9B2C3AD7}.Release|Any CPU.Build.0 = Release|Any CPU
		{175059F4-2885-4BCD-B1E6-7110B6D9E84F}.Debug|Any CPU.ActiveCfg = Debug|Any CPU
		{175059F4-2885-4BCD-B1E6-7110B6D9E84F}.Debug|Any CPU.Build.0 = Debug|Any CPU
		{175059F4-2885-4BCD-B1E6-7110B6D9E84F}.Release|Any CPU.ActiveCfg = Release|Any CPU
		{175059F4-2885-4BCD-B1E6-7110B6D9E84F}.Release|Any CPU.Build.0 = Release|Any CPU
		{799C45AC-1CE3-4B8F-BCC8-804200AA7C2F}.Debug|Any CPU.ActiveCfg = Debug|Any CPU
		{799C45AC-1CE3-4B8F-BCC8-804200AA7C2F}.Debug|Any CPU.Build.0 = Debug|Any CPU
		{799C45AC-1CE3-4B8F-BCC8-804200AA7C2F}.Release|Any CPU.ActiveCfg = Release|Any CPU
		{799C45AC-1CE3-4B8F-BCC8-804200AA7C2F}.Release|Any CPU.Build.0 = Release|Any CPU
		{8833902E-60EE-44FF-B44C-12F4D5EE8B03}.Debug|Any CPU.ActiveCfg = Debug|Any CPU
		{8833902E-60EE-44FF-B44C-12F4D5EE8B03}.Debug|Any CPU.Build.0 = Debug|Any CPU
		{8833902E-60EE-44FF-B44C-12F4D5EE8B03}.Release|Any CPU.ActiveCfg = Release|Any CPU
		{8833902E-60EE-44FF-B44C-12F4D5EE8B03}.Release|Any CPU.Build.0 = Release|Any CPU
	EndGlobalSection
	GlobalSection(SolutionProperties) = preSolution
		HideSolutionNode = FALSE
	EndGlobalSection
	GlobalSection(ExtensibilityGlobals) = postSolution
		SolutionGuid = {FE9653B5-B36A-4E7F-BC50-E36E84C62896}
	EndGlobalSection
EndGlobal
