
Microsoft Visual Studio Solution File, Format Version 12.00
# Visual Studio 15
VisualStudioVersion = 15.0.27428.2011
MinimumVisualStudioVersion = 10.0.40219.1
Project("{9A19103F-16F7-4668-BE54-9A1E7A4F7556}") = "MateralTools.Base", "MateralTools.Base\MateralTools.Base.csproj", "{AA9119F1-86B8-4374-8B75-6478D1D48805}"
EndProject
Project("{9A19103F-16F7-4668-BE54-9A1E7A4F7556}") = "MateralTools.MVerify", "MateralTools.MVerify\MateralTools.MVerify.csproj", "{C464D9B0-9EC0-4EA5-A9A4-98D318CC85CC}"
EndProject
Project("{9A19103F-16F7-4668-BE54-9A1E7A4F7556}") = "MateralTools.MConvert", "MateralTools.MConvert\MateralTools.MConvert.csproj", "{912A6667-A9CD-45B2-9E42-20712B2DE080}"
EndProject
Project("{9A19103F-16F7-4668-BE54-9A1E7A4F7556}") = "MateralTools.MCache", "MateralTools.MCache\MateralTools.MCache.csproj", "{4F5119CB-4420-4335-AA0B-6280E0FCD135}"
EndProject
Project("{9A19103F-16F7-4668-BE54-9A1E7A4F7556}") = "MateralTools.MEncryption", "MateralTools.MEncryption\MateralTools.MEncryption.csproj", "{BB97EA95-BA3F-407E-8669-10239028B891}"
EndProject
Project("{9A19103F-16F7-4668-BE54-9A1E7A4F7556}") = "MateralTools.MHttpRequest", "MateralTools.MHttpRequest\MateralTools.MHttpRequest.csproj", "{09A7C909-F8EA-466C-93BF-E0AE3068E900}"
EndProject
Project("{9A19103F-16F7-4668-BE54-9A1E7A4F7556}") = "Materal.CoreToolsTest", "Materal.CoreToolsTest\Materal.CoreToolsTest.csproj", "{E1EBFA54-E63E-4803-BF3E-3BBD8815E96B}"
EndProject
Project("{FAE04EC0-301F-11D3-BF4B-00C04F79EFBC}") = "Materal.ToolsTest", "Materal.ToolsTest\Materal.ToolsTest.csproj", "{D6DC78F1-041C-49F6-9365-178D5713491F}"
EndProject
Project("{9A19103F-16F7-4668-BE54-9A1E7A4F7556}") = "MateralTools.MLinQ", "MateralTools.MLinQ\MateralTools.MLinQ.csproj", "{9A6BFDA7-78DC-445B-8094-C0E73E69A4FC}"
EndProject
Project("{9A19103F-16F7-4668-BE54-9A1E7A4F7556}") = "MateralTools.MResult", "MateralTools.MResult\MateralTools.MResult.csproj", "{D21857FD-E588-49C4-AB9C-085F9B2C3AD7}"
EndProject
Project("{FAE04EC0-301F-11D3-BF4B-00C04F79EFBC}") = "Materal.UI", "Materal.UI\Materal.UI.csproj", "{799C45AC-1CE3-4B8F-BCC8-804200AA7C2F}"
EndProject
Project("{FAE04EC0-301F-11D3-BF4B-00C04F79EFBC}") = "Materal.UI.WinForm", "Materal.UI.WinForm\Materal.UI.WinForm.csproj", "{8833902E-60EE-44FF-B44C-12F4D5EE8B03}"
EndProject
Project("{9A19103F-16F7-4668-BE54-9A1E7A4F7556}") = "MateralTools.MWeChat", "MateralTools.MWeChat\MateralTools.MWeChat.csproj", "{EDB2BD74-3A63-401A-B43A-22742BD1B08D}"
EndProject
Project("{9A19103F-16F7-4668-BE54-9A1E7A4F7556}") = "MateralTools.MAlipay", "MateralTools.MAlipay\MateralTools.MAlipay.csproj", "{070DDF3D-5583-48CC-B29B-3EE1802F296E}"
EndProject
Project("{9A19103F-16F7-4668-BE54-9A1E7A4F7556}") = "MateralTools.MEmail", "MateralTools.MEmail\MateralTools.MEmail.csproj", "{6D1938C4-E4CA-4A0C-889C-325FAC8D0419}"
EndProject
Project("{9A19103F-16F7-4668-BE54-9A1E7A4F7556}") = "MateralTools.MImage", "MateralTools.MImage\MateralTools.MImage.csproj", "{BCC83E87-DC94-44E7-8207-0CA8F1C3C5B8}"
EndProject
Project("{9A19103F-16F7-4668-BE54-9A1E7A4F7556}") = "MateralTools.MKeyWord", "MateralTools.MKeyWord\MateralTools.MKeyWord.csproj", "{9561D06A-82F4-493F-8552-9F7C0F00C160}"
EndProject
Project("{9A19103F-16F7-4668-BE54-9A1E7A4F7556}") = "MateralTools.MData", "MateralTools.MData\MateralTools.MData.csproj", "{050B3300-9B55-4D1E-9CB8-C0079A118040}"
EndProject
Project("{9A19103F-16F7-4668-BE54-9A1E7A4F7556}") = "MateralTools.MSystemInfo", "MateralTools.MSystemInfo\MateralTools.MSystemInfo.csproj", "{CBCF9510-5D38-47AA-8830-5979EB61BE23}"
EndProject
Project("{9A19103F-16F7-4668-BE54-9A1E7A4F7556}") = "MateralTools.MIO", "MateralTools.MIO\MateralTools.MIO.csproj", "{DFAB0E55-3457-49D5-A111-28BBCF769AB9}"
EndProject
Project("{9A19103F-16F7-4668-BE54-9A1E7A4F7556}") = "MateralTools.MEnum", "MateralTools.MEnum\MateralTools.MEnum.csproj", "{C90A3775-91ED-4ACB-A5E6-3ABF3777A069}"
EndProject
Project("{9A19103F-16F7-4668-BE54-9A1E7A4F7556}") = "MateralTools.MLog", "MateralTools.MLog\MateralTools.MLog.csproj", "{CE67DDF5-B087-4CC4-BED7-28C603EF6017}"
EndProject
Project("{9A19103F-16F7-4668-BE54-9A1E7A4F7556}") = "MateralTools.MMongoDB", "MateralTools.MMongoDB\MateralTools.MMongoDB.csproj", "{87C6F367-01C8-49B6-8F00-4EE5212950D1}"
EndProject
Project("{9A19103F-16F7-4668-BE54-9A1E7A4F7556}") = "Materal.ConsoleApp", "Materal.ConsoleApp\Materal.ConsoleApp.csproj", "{E043154C-0FAC-48E4-A018-281D923FD60A}"
EndProject
Project("{9A19103F-16F7-4668-BE54-9A1E7A4F7556}") = "MateralTools.MEntityFramework", "MateralTools.MEntityFramework\MateralTools.MEntityFramework.csproj", "{CED29729-DD3B-406E-9F43-B211BCB014C2}"
EndProject
Project("{9A19103F-16F7-4668-BE54-9A1E7A4F7556}") = "MateralTools.MExcel", "MateralTools.MExcel\MateralTools.MExcel.csproj", "{AA84BF96-EB86-4000-9F5F-D0D3D7A6EF39}"
EndProject
Project("{9A19103F-16F7-4668-BE54-9A1E7A4F7556}") = "MateralTools.MDBHelper", "MateralTools.MDBHelper\MateralTools.MDBHelper.csproj", "{9E4FAB9D-A7EB-4BB1-891B-CE3D11983F82}"
EndProject
Project("{9A19103F-16F7-4668-BE54-9A1E7A4F7556}") = "MateralTools.MMSSQLDBHelper", "MateralTools.MMSSQLDBHelper\MateralTools.MMSSQLDBHelper.csproj", "{C81A1DBA-7741-4730-B1F0-28C00C6FABF8}"
EndProject
Project("{9A19103F-16F7-4668-BE54-9A1E7A4F7556}") = "MateralTools.MMySQLDBHelper", "MateralTools.MMySQLDBHelper\MateralTools.MMySQLDBHelper.csproj", "{340F290C-A2F6-4CBC-BA1A-BDC45C010E60}"
EndProject
Project("{2150E333-8FDC-42A3-9474-1A3956D46DE8}") = "MateralTools", "MateralTools", "{5D25072E-B800-4A70-B2D2-5A61A8C3ABAB}"
EndProject
Project("{9A19103F-16F7-4668-BE54-9A1E7A4F7556}") = "MateralTools.MRedisDBHelper", "MateralTools.MRedisDBHelper\MateralTools.MRedisDBHelper.csproj", "{EF74CD93-F2AF-436D-9200-BA962E63B043}"
EndProject
Project("{E24C65DC-7377-472B-9ABA-BC803B73C61A}") = "MateralTools.MWebLib", "MateralTools.MWebLib\", "{21CDFC52-3B8B-4417-BED1-E2DF7817FB25}"
	ProjectSection(WebsiteProperties) = preProject
		TargetFrameworkMoniker = ".NETFramework,Version%3Dv4.0"
		Debug.AspNetCompiler.VirtualPath = "/localhost_61287"
		Debug.AspNetCompiler.PhysicalPath = "MateralTools.MWebLib\"
		Debug.AspNetCompiler.TargetPath = "PrecompiledWeb\localhost_61287\"
		Debug.AspNetCompiler.Updateable = "true"
		Debug.AspNetCompiler.ForceOverwrite = "true"
		Debug.AspNetCompiler.FixedNames = "false"
		Debug.AspNetCompiler.Debug = "True"
		Release.AspNetCompiler.VirtualPath = "/localhost_61287"
		Release.AspNetCompiler.PhysicalPath = "MateralTools.MWebLib\"
		Release.AspNetCompiler.TargetPath = "PrecompiledWeb\localhost_61287\"
		Release.AspNetCompiler.Updateable = "true"
		Release.AspNetCompiler.ForceOverwrite = "true"
		Release.AspNetCompiler.FixedNames = "false"
		Release.AspNetCompiler.Debug = "False"
		VWDPort = "61287"
	EndProjectSection
EndProject
Global
	GlobalSection(SolutionConfigurationPlatforms) = preSolution
		Debug|Any CPU = Debug|Any CPU
		Release|Any CPU = Release|Any CPU
	EndGlobalSection
	GlobalSection(ProjectConfigurationPlatforms) = postSolution
		{AA9119F1-86B8-4374-8B75-6478D1D48805}.Debug|Any CPU.ActiveCfg = Debug|Any CPU
		{AA9119F1-86B8-4374-8B75-6478D1D48805}.Debug|Any CPU.Build.0 = Debug|Any CPU
		{AA9119F1-86B8-4374-8B75-6478D1D48805}.Release|Any CPU.ActiveCfg = Release|Any CPU
		{AA9119F1-86B8-4374-8B75-6478D1D48805}.Release|Any CPU.Build.0 = Release|Any CPU
		{C464D9B0-9EC0-4EA5-A9A4-98D318CC85CC}.Debug|Any CPU.ActiveCfg = Debug|Any CPU
		{C464D9B0-9EC0-4EA5-A9A4-98D318CC85CC}.Debug|Any CPU.Build.0 = Debug|Any CPU
		{C464D9B0-9EC0-4EA5-A9A4-98D318CC85CC}.Release|Any CPU.ActiveCfg = Release|Any CPU
		{C464D9B0-9EC0-4EA5-A9A4-98D318CC85CC}.Release|Any CPU.Build.0 = Release|Any CPU
		{912A6667-A9CD-45B2-9E42-20712B2DE080}.Debug|Any CPU.ActiveCfg = Debug|Any CPU
		{912A6667-A9CD-45B2-9E42-20712B2DE080}.Debug|Any CPU.Build.0 = Debug|Any CPU
		{912A6667-A9CD-45B2-9E42-20712B2DE080}.Release|Any CPU.ActiveCfg = Release|Any CPU
		{912A6667-A9CD-45B2-9E42-20712B2DE080}.Release|Any CPU.Build.0 = Release|Any CPU
		{4F5119CB-4420-4335-AA0B-6280E0FCD135}.Debug|Any CPU.ActiveCfg = Debug|Any CPU
		{4F5119CB-4420-4335-AA0B-6280E0FCD135}.Debug|Any CPU.Build.0 = Debug|Any CPU
		{4F5119CB-4420-4335-AA0B-6280E0FCD135}.Release|Any CPU.ActiveCfg = Release|Any CPU
		{4F5119CB-4420-4335-AA0B-6280E0FCD135}.Release|Any CPU.Build.0 = Release|Any CPU
		{BB97EA95-BA3F-407E-8669-10239028B891}.Debug|Any CPU.ActiveCfg = Debug|Any CPU
		{BB97EA95-BA3F-407E-8669-10239028B891}.Debug|Any CPU.Build.0 = Debug|Any CPU
		{BB97EA95-BA3F-407E-8669-10239028B891}.Release|Any CPU.ActiveCfg = Release|Any CPU
		{BB97EA95-BA3F-407E-8669-10239028B891}.Release|Any CPU.Build.0 = Release|Any CPU
		{09A7C909-F8EA-466C-93BF-E0AE3068E900}.Debug|Any CPU.ActiveCfg = Debug|Any CPU
		{09A7C909-F8EA-466C-93BF-E0AE3068E900}.Debug|Any CPU.Build.0 = Debug|Any CPU
		{09A7C909-F8EA-466C-93BF-E0AE3068E900}.Release|Any CPU.ActiveCfg = Release|Any CPU
		{09A7C909-F8EA-466C-93BF-E0AE3068E900}.Release|Any CPU.Build.0 = Release|Any CPU
		{E1EBFA54-E63E-4803-BF3E-3BBD8815E96B}.Debug|Any CPU.ActiveCfg = Debug|Any CPU
		{E1EBFA54-E63E-4803-BF3E-3BBD8815E96B}.Debug|Any CPU.Build.0 = Debug|Any CPU
		{E1EBFA54-E63E-4803-BF3E-3BBD8815E96B}.Release|Any CPU.ActiveCfg = Release|Any CPU
		{E1EBFA54-E63E-4803-BF3E-3BBD8815E96B}.Release|Any CPU.Build.0 = Release|Any CPU
		{D6DC78F1-041C-49F6-9365-178D5713491F}.Debug|Any CPU.ActiveCfg = Debug|Any CPU
		{D6DC78F1-041C-49F6-9365-178D5713491F}.Debug|Any CPU.Build.0 = Debug|Any CPU
		{D6DC78F1-041C-49F6-9365-178D5713491F}.Release|Any CPU.ActiveCfg = Release|Any CPU
		{D6DC78F1-041C-49F6-9365-178D5713491F}.Release|Any CPU.Build.0 = Release|Any CPU
		{9A6BFDA7-78DC-445B-8094-C0E73E69A4FC}.Debug|Any CPU.ActiveCfg = Debug|Any CPU
		{9A6BFDA7-78DC-445B-8094-C0E73E69A4FC}.Debug|Any CPU.Build.0 = Debug|Any CPU
		{9A6BFDA7-78DC-445B-8094-C0E73E69A4FC}.Release|Any CPU.ActiveCfg = Release|Any CPU
		{9A6BFDA7-78DC-445B-8094-C0E73E69A4FC}.Release|Any CPU.Build.0 = Release|Any CPU
		{D21857FD-E588-49C4-AB9C-085F9B2C3AD7}.Debug|Any CPU.ActiveCfg = Debug|Any CPU
		{D21857FD-E588-49C4-AB9C-085F9B2C3AD7}.Debug|Any CPU.Build.0 = Debug|Any CPU
		{D21857FD-E588-49C4-AB9C-085F9B2C3AD7}.Release|Any CPU.ActiveCfg = Release|Any CPU
		{D21857FD-E588-49C4-AB9C-085F9B2C3AD7}.Release|Any CPU.Build.0 = Release|Any CPU
		{799C45AC-1CE3-4B8F-BCC8-804200AA7C2F}.Debug|Any CPU.ActiveCfg = Debug|Any CPU
		{799C45AC-1CE3-4B8F-BCC8-804200AA7C2F}.Debug|Any CPU.Build.0 = Debug|Any CPU
		{799C45AC-1CE3-4B8F-BCC8-804200AA7C2F}.Release|Any CPU.ActiveCfg = Release|Any CPU
		{799C45AC-1CE3-4B8F-BCC8-804200AA7C2F}.Release|Any CPU.Build.0 = Release|Any CPU
		{8833902E-60EE-44FF-B44C-12F4D5EE8B03}.Debug|Any CPU.ActiveCfg = Debug|Any CPU
		{8833902E-60EE-44FF-B44C-12F4D5EE8B03}.Debug|Any CPU.Build.0 = Debug|Any CPU
		{8833902E-60EE-44FF-B44C-12F4D5EE8B03}.Release|Any CPU.ActiveCfg = Release|Any CPU
		{8833902E-60EE-44FF-B44C-12F4D5EE8B03}.Release|Any CPU.Build.0 = Release|Any CPU
		{EDB2BD74-3A63-401A-B43A-22742BD1B08D}.Debug|Any CPU.ActiveCfg = Debug|Any CPU
		{EDB2BD74-3A63-401A-B43A-22742BD1B08D}.Debug|Any CPU.Build.0 = Debug|Any CPU
		{EDB2BD74-3A63-401A-B43A-22742BD1B08D}.Release|Any CPU.ActiveCfg = Release|Any CPU
		{EDB2BD74-3A63-401A-B43A-22742BD1B08D}.Release|Any CPU.Build.0 = Release|Any CPU
		{070DDF3D-5583-48CC-B29B-3EE1802F296E}.Debug|Any CPU.ActiveCfg = Debug|Any CPU
		{070DDF3D-5583-48CC-B29B-3EE1802F296E}.Debug|Any CPU.Build.0 = Debug|Any CPU
		{070DDF3D-5583-48CC-B29B-3EE1802F296E}.Release|Any CPU.ActiveCfg = Release|Any CPU
		{070DDF3D-5583-48CC-B29B-3EE1802F296E}.Release|Any CPU.Build.0 = Release|Any CPU
		{6D1938C4-E4CA-4A0C-889C-325FAC8D0419}.Debug|Any CPU.ActiveCfg = Debug|Any CPU
		{6D1938C4-E4CA-4A0C-889C-325FAC8D0419}.Debug|Any CPU.Build.0 = Debug|Any CPU
		{6D1938C4-E4CA-4A0C-889C-325FAC8D0419}.Release|Any CPU.ActiveCfg = Release|Any CPU
		{6D1938C4-E4CA-4A0C-889C-325FAC8D0419}.Release|Any CPU.Build.0 = Release|Any CPU
		{BCC83E87-DC94-44E7-8207-0CA8F1C3C5B8}.Debug|Any CPU.ActiveCfg = Debug|Any CPU
		{BCC83E87-DC94-44E7-8207-0CA8F1C3C5B8}.Debug|Any CPU.Build.0 = Debug|Any CPU
		{BCC83E87-DC94-44E7-8207-0CA8F1C3C5B8}.Release|Any CPU.ActiveCfg = Release|Any CPU
		{BCC83E87-DC94-44E7-8207-0CA8F1C3C5B8}.Release|Any CPU.Build.0 = Release|Any CPU
		{9561D06A-82F4-493F-8552-9F7C0F00C160}.Debug|Any CPU.ActiveCfg = Debug|Any CPU
		{9561D06A-82F4-493F-8552-9F7C0F00C160}.Debug|Any CPU.Build.0 = Debug|Any CPU
		{9561D06A-82F4-493F-8552-9F7C0F00C160}.Release|Any CPU.ActiveCfg = Release|Any CPU
		{9561D06A-82F4-493F-8552-9F7C0F00C160}.Release|Any CPU.Build.0 = Release|Any CPU
		{050B3300-9B55-4D1E-9CB8-C0079A118040}.Debug|Any CPU.ActiveCfg = Debug|Any CPU
		{050B3300-9B55-4D1E-9CB8-C0079A118040}.Debug|Any CPU.Build.0 = Debug|Any CPU
		{050B3300-9B55-4D1E-9CB8-C0079A118040}.Release|Any CPU.ActiveCfg = Release|Any CPU
		{050B3300-9B55-4D1E-9CB8-C0079A118040}.Release|Any CPU.Build.0 = Release|Any CPU
		{CBCF9510-5D38-47AA-8830-5979EB61BE23}.Debug|Any CPU.ActiveCfg = Debug|Any CPU
		{CBCF9510-5D38-47AA-8830-5979EB61BE23}.Debug|Any CPU.Build.0 = Debug|Any CPU
		{CBCF9510-5D38-47AA-8830-5979EB61BE23}.Release|Any CPU.ActiveCfg = Release|Any CPU
		{CBCF9510-5D38-47AA-8830-5979EB61BE23}.Release|Any CPU.Build.0 = Release|Any CPU
		{DFAB0E55-3457-49D5-A111-28BBCF769AB9}.Debug|Any CPU.ActiveCfg = Debug|Any CPU
		{DFAB0E55-3457-49D5-A111-28BBCF769AB9}.Debug|Any CPU.Build.0 = Debug|Any CPU
		{DFAB0E55-3457-49D5-A111-28BBCF769AB9}.Release|Any CPU.ActiveCfg = Release|Any CPU
		{DFAB0E55-3457-49D5-A111-28BBCF769AB9}.Release|Any CPU.Build.0 = Release|Any CPU
		{C90A3775-91ED-4ACB-A5E6-3ABF3777A069}.Debug|Any CPU.ActiveCfg = Debug|Any CPU
		{C90A3775-91ED-4ACB-A5E6-3ABF3777A069}.Debug|Any CPU.Build.0 = Debug|Any CPU
		{C90A3775-91ED-4ACB-A5E6-3ABF3777A069}.Release|Any CPU.ActiveCfg = Release|Any CPU
		{C90A3775-91ED-4ACB-A5E6-3ABF3777A069}.Release|Any CPU.Build.0 = Release|Any CPU
		{CE67DDF5-B087-4CC4-BED7-28C603EF6017}.Debug|Any CPU.ActiveCfg = Debug|Any CPU
		{CE67DDF5-B087-4CC4-BED7-28C603EF6017}.Debug|Any CPU.Build.0 = Debug|Any CPU
		{CE67DDF5-B087-4CC4-BED7-28C603EF6017}.Release|Any CPU.ActiveCfg = Release|Any CPU
		{CE67DDF5-B087-4CC4-BED7-28C603EF6017}.Release|Any CPU.Build.0 = Release|Any CPU
		{87C6F367-01C8-49B6-8F00-4EE5212950D1}.Debug|Any CPU.ActiveCfg = Debug|Any CPU
		{87C6F367-01C8-49B6-8F00-4EE5212950D1}.Debug|Any CPU.Build.0 = Debug|Any CPU
		{87C6F367-01C8-49B6-8F00-4EE5212950D1}.Release|Any CPU.ActiveCfg = Release|Any CPU
		{87C6F367-01C8-49B6-8F00-4EE5212950D1}.Release|Any CPU.Build.0 = Release|Any CPU
		{E043154C-0FAC-48E4-A018-281D923FD60A}.Debug|Any CPU.ActiveCfg = Debug|Any CPU
		{E043154C-0FAC-48E4-A018-281D923FD60A}.Debug|Any CPU.Build.0 = Debug|Any CPU
		{E043154C-0FAC-48E4-A018-281D923FD60A}.Release|Any CPU.ActiveCfg = Release|Any CPU
		{E043154C-0FAC-48E4-A018-281D923FD60A}.Release|Any CPU.Build.0 = Release|Any CPU
		{CED29729-DD3B-406E-9F43-B211BCB014C2}.Debug|Any CPU.ActiveCfg = Debug|Any CPU
		{CED29729-DD3B-406E-9F43-B211BCB014C2}.Debug|Any CPU.Build.0 = Debug|Any CPU
		{CED29729-DD3B-406E-9F43-B211BCB014C2}.Release|Any CPU.ActiveCfg = Release|Any CPU
		{CED29729-DD3B-406E-9F43-B211BCB014C2}.Release|Any CPU.Build.0 = Release|Any CPU
		{AA84BF96-EB86-4000-9F5F-D0D3D7A6EF39}.Debug|Any CPU.ActiveCfg = Debug|Any CPU
		{AA84BF96-EB86-4000-9F5F-D0D3D7A6EF39}.Debug|Any CPU.Build.0 = Debug|Any CPU
		{AA84BF96-EB86-4000-9F5F-D0D3D7A6EF39}.Release|Any CPU.ActiveCfg = Release|Any CPU
		{AA84BF96-EB86-4000-9F5F-D0D3D7A6EF39}.Release|Any CPU.Build.0 = Release|Any CPU
		{9E4FAB9D-A7EB-4BB1-891B-CE3D11983F82}.Debug|Any CPU.ActiveCfg = Debug|Any CPU
		{9E4FAB9D-A7EB-4BB1-891B-CE3D11983F82}.Debug|Any CPU.Build.0 = Debug|Any CPU
		{9E4FAB9D-A7EB-4BB1-891B-CE3D11983F82}.Release|Any CPU.ActiveCfg = Release|Any CPU
		{9E4FAB9D-A7EB-4BB1-891B-CE3D11983F82}.Release|Any CPU.Build.0 = Release|Any CPU
		{C81A1DBA-7741-4730-B1F0-28C00C6FABF8}.Debug|Any CPU.ActiveCfg = Debug|Any CPU
		{C81A1DBA-7741-4730-B1F0-28C00C6FABF8}.Debug|Any CPU.Build.0 = Debug|Any CPU
		{C81A1DBA-7741-4730-B1F0-28C00C6FABF8}.Release|Any CPU.ActiveCfg = Release|Any CPU
		{C81A1DBA-7741-4730-B1F0-28C00C6FABF8}.Release|Any CPU.Build.0 = Release|Any CPU
		{340F290C-A2F6-4CBC-BA1A-BDC45C010E60}.Debug|Any CPU.ActiveCfg = Debug|Any CPU
		{340F290C-A2F6-4CBC-BA1A-BDC45C010E60}.Debug|Any CPU.Build.0 = Debug|Any CPU
		{340F290C-A2F6-4CBC-BA1A-BDC45C010E60}.Release|Any CPU.ActiveCfg = Release|Any CPU
		{340F290C-A2F6-4CBC-BA1A-BDC45C010E60}.Release|Any CPU.Build.0 = Release|Any CPU
		{EF74CD93-F2AF-436D-9200-BA962E63B043}.Debug|Any CPU.ActiveCfg = Debug|Any CPU
		{EF74CD93-F2AF-436D-9200-BA962E63B043}.Debug|Any CPU.Build.0 = Debug|Any CPU
		{EF74CD93-F2AF-436D-9200-BA962E63B043}.Release|Any CPU.ActiveCfg = Release|Any CPU
		{EF74CD93-F2AF-436D-9200-BA962E63B043}.Release|Any CPU.Build.0 = Release|Any CPU
		{21CDFC52-3B8B-4417-BED1-E2DF7817FB25}.Debug|Any CPU.ActiveCfg = Debug|Any CPU
		{21CDFC52-3B8B-4417-BED1-E2DF7817FB25}.Debug|Any CPU.Build.0 = Debug|Any CPU
		{21CDFC52-3B8B-4417-BED1-E2DF7817FB25}.Release|Any CPU.ActiveCfg = Debug|Any CPU
		{21CDFC52-3B8B-4417-BED1-E2DF7817FB25}.Release|Any CPU.Build.0 = Debug|Any CPU
	EndGlobalSection
	GlobalSection(SolutionProperties) = preSolution
		HideSolutionNode = FALSE
	EndGlobalSection
	GlobalSection(NestedProjects) = preSolution
		{AA9119F1-86B8-4374-8B75-6478D1D48805} = {5D25072E-B800-4A70-B2D2-5A61A8C3ABAB}
		{C464D9B0-9EC0-4EA5-A9A4-98D318CC85CC} = {5D25072E-B800-4A70-B2D2-5A61A8C3ABAB}
		{912A6667-A9CD-45B2-9E42-20712B2DE080} = {5D25072E-B800-4A70-B2D2-5A61A8C3ABAB}
		{4F5119CB-4420-4335-AA0B-6280E0FCD135} = {5D25072E-B800-4A70-B2D2-5A61A8C3ABAB}
		{BB97EA95-BA3F-407E-8669-10239028B891} = {5D25072E-B800-4A70-B2D2-5A61A8C3ABAB}
		{09A7C909-F8EA-466C-93BF-E0AE3068E900} = {5D25072E-B800-4A70-B2D2-5A61A8C3ABAB}
		{9A6BFDA7-78DC-445B-8094-C0E73E69A4FC} = {5D25072E-B800-4A70-B2D2-5A61A8C3ABAB}
		{D21857FD-E588-49C4-AB9C-085F9B2C3AD7} = {5D25072E-B800-4A70-B2D2-5A61A8C3ABAB}
		{EDB2BD74-3A63-401A-B43A-22742BD1B08D} = {5D25072E-B800-4A70-B2D2-5A61A8C3ABAB}
		{070DDF3D-5583-48CC-B29B-3EE1802F296E} = {5D25072E-B800-4A70-B2D2-5A61A8C3ABAB}
		{6D1938C4-E4CA-4A0C-889C-325FAC8D0419} = {5D25072E-B800-4A70-B2D2-5A61A8C3ABAB}
		{BCC83E87-DC94-44E7-8207-0CA8F1C3C5B8} = {5D25072E-B800-4A70-B2D2-5A61A8C3ABAB}
		{9561D06A-82F4-493F-8552-9F7C0F00C160} = {5D25072E-B800-4A70-B2D2-5A61A8C3ABAB}
		{050B3300-9B55-4D1E-9CB8-C0079A118040} = {5D25072E-B800-4A70-B2D2-5A61A8C3ABAB}
		{CBCF9510-5D38-47AA-8830-5979EB61BE23} = {5D25072E-B800-4A70-B2D2-5A61A8C3ABAB}
		{DFAB0E55-3457-49D5-A111-28BBCF769AB9} = {5D25072E-B800-4A70-B2D2-5A61A8C3ABAB}
		{C90A3775-91ED-4ACB-A5E6-3ABF3777A069} = {5D25072E-B800-4A70-B2D2-5A61A8C3ABAB}
		{CE67DDF5-B087-4CC4-BED7-28C603EF6017} = {5D25072E-B800-4A70-B2D2-5A61A8C3ABAB}
		{87C6F367-01C8-49B6-8F00-4EE5212950D1} = {5D25072E-B800-4A70-B2D2-5A61A8C3ABAB}
		{CED29729-DD3B-406E-9F43-B211BCB014C2} = {5D25072E-B800-4A70-B2D2-5A61A8C3ABAB}
		{AA84BF96-EB86-4000-9F5F-D0D3D7A6EF39} = {5D25072E-B800-4A70-B2D2-5A61A8C3ABAB}
		{9E4FAB9D-A7EB-4BB1-891B-CE3D11983F82} = {5D25072E-B800-4A70-B2D2-5A61A8C3ABAB}
		{C81A1DBA-7741-4730-B1F0-28C00C6FABF8} = {5D25072E-B800-4A70-B2D2-5A61A8C3ABAB}
		{340F290C-A2F6-4CBC-BA1A-BDC45C010E60} = {5D25072E-B800-4A70-B2D2-5A61A8C3ABAB}
		{EF74CD93-F2AF-436D-9200-BA962E63B043} = {5D25072E-B800-4A70-B2D2-5A61A8C3ABAB}
		{21CDFC52-3B8B-4417-BED1-E2DF7817FB25} = {5D25072E-B800-4A70-B2D2-5A61A8C3ABAB}
	EndGlobalSection
	GlobalSection(ExtensibilityGlobals) = postSolution
		SolutionGuid = {FE9653B5-B36A-4E7F-BC50-E36E84C62896}
	EndGlobalSection
EndGlobal
